// !$*UTF8*$!
{
	archiveVersion = 1;
	classes = {
	};
	objectVersion = 56;
	objects = {

/* Begin PBXBuildFile section */
		07BD369D295B45F900B1648A /* AdressMapVC.swift in Sources */ = {isa = PBXBuildFile; fileRef = 07BD369C295B45F900B1648A /* AdressMapVC.swift */; };
		07DCD283295AF23300F42728 /* CommentsTVC.swift in Sources */ = {isa = PBXBuildFile; fileRef = 07DCD282295AF23200F42728 /* CommentsTVC.swift */; };
		07DCD286295AFDAC00F42728 /* AdressFlow.storyboard in Resources */ = {isa = PBXBuildFile; fileRef = 07DCD285295AFDAC00F42728 /* AdressFlow.storyboard */; };
		0B5761C977573D8684EEFCD9 /* Pods_A__Prudnikova__HW24_.framework in Frameworks */ = {isa = PBXBuildFile; fileRef = AD1230613009044C39D9C17C /* Pods_A__Prudnikova__HW24_.framework */; };
		783904892958BEEA0054FFA9 /* AppDelegate.swift in Sources */ = {isa = PBXBuildFile; fileRef = 783904882958BEEA0054FFA9 /* AppDelegate.swift */; };
		7839048B2958BEEA0054FFA9 /* SceneDelegate.swift in Sources */ = {isa = PBXBuildFile; fileRef = 7839048A2958BEEA0054FFA9 /* SceneDelegate.swift */; };
		783904902958BEEA0054FFA9 /* Main.storyboard in Resources */ = {isa = PBXBuildFile; fileRef = 7839048E2958BEEA0054FFA9 /* Main.storyboard */; };
		783904922958BEEE0054FFA9 /* Assets.xcassets in Resources */ = {isa = PBXBuildFile; fileRef = 783904912958BEEE0054FFA9 /* Assets.xcassets */; };
		783904952958BEEE0054FFA9 /* LaunchScreen.storyboard in Resources */ = {isa = PBXBuildFile; fileRef = 783904932958BEEE0054FFA9 /* LaunchScreen.storyboard */; };
		783904A22958C2840054FFA9 /* InformSectionsCell.swift in Sources */ = {isa = PBXBuildFile; fileRef = 783904A12958C2840054FFA9 /* InformSectionsCell.swift */; };
		783904A92958FFFB0054FFA9 /* ImageVC.swift in Sources */ = {isa = PBXBuildFile; fileRef = 783904A82958FFFB0054FFA9 /* ImageVC.swift */; };
		783904AC295902550054FFA9 /* SnapKit in Frameworks */ = {isa = PBXBuildFile; productRef = 783904AB295902550054FFA9 /* SnapKit */; };
		783FF1A329590DDB00B36456 /* InformSectionsCVC.swift in Sources */ = {isa = PBXBuildFile; fileRef = 783FF1A229590DDB00B36456 /* InformSectionsCVC.swift */; };
		783FF1A72959119E00B36456 /* UsersTVC.swift in Sources */ = {isa = PBXBuildFile; fileRef = 783FF1A62959119E00B36456 /* UsersTVC.swift */; };
		78A9D89E2959ED7200D17E98 /* Model.swift in Sources */ = {isa = PBXBuildFile; fileRef = 78A9D89D2959ED7200D17E98 /* Model.swift */; };
		78A9D8A02959EDAB00D17E98 /* ApiConstants.swift in Sources */ = {isa = PBXBuildFile; fileRef = 78A9D89F2959EDAB00D17E98 /* ApiConstants.swift */; };
		78A9D8A22959EF6400D17E98 /* DetailUserVC.swift in Sources */ = {isa = PBXBuildFile; fileRef = 78A9D8A12959EF6400D17E98 /* DetailUserVC.swift */; };
		78A9D8A5295A5C1400D17E98 /* UIButton + Extension .swift in Sources */ = {isa = PBXBuildFile; fileRef = 78A9D8A4295A5C1400D17E98 /* UIButton + Extension .swift */; };
		78A9D8A7295A636B00D17E98 /* PostFlow.storyboard in Resources */ = {isa = PBXBuildFile; fileRef = 78A9D8A6295A636B00D17E98 /* PostFlow.storyboard */; };
		78A9D8A9295A638C00D17E98 /* AlbumFlow.storyboard in Resources */ = {isa = PBXBuildFile; fileRef = 78A9D8A8295A638C00D17E98 /* AlbumFlow.storyboard */; };
		78A9D8AF295A64A600D17E98 /* AlbumsTVC.swift in Sources */ = {isa = PBXBuildFile; fileRef = 78A9D8AE295A64A600D17E98 /* AlbumsTVC.swift */; };
		78A9D8B1295A69EB00D17E98 /* PostsTVC.swift in Sources */ = {isa = PBXBuildFile; fileRef = 78A9D8B0295A69EB00D17E98 /* PostsTVC.swift */; };
/* End PBXBuildFile section */

/* Begin PBXFileReference section */
		07BD369C295B45F900B1648A /* AdressMapVC.swift */ = {isa = PBXFileReference; lastKnownFileType = sourcecode.swift; path = AdressMapVC.swift; sourceTree = "<group>"; };
		07DCD282295AF23200F42728 /* CommentsTVC.swift */ = {isa = PBXFileReference; lastKnownFileType = sourcecode.swift; path = CommentsTVC.swift; sourceTree = "<group>"; };
		07DCD285295AFDAC00F42728 /* AdressFlow.storyboard */ = {isa = PBXFileReference; lastKnownFileType = file.storyboard; path = AdressFlow.storyboard; sourceTree = "<group>"; };
		4E020F1076BF7E5664B9A478 /* Pods-A. Prudnikova (HW24).debug.xcconfig */ = {isa = PBXFileReference; includeInIndex = 1; lastKnownFileType = text.xcconfig; name = "Pods-A. Prudnikova (HW24).debug.xcconfig"; path = "Target Support Files/Pods-A. Prudnikova (HW24)/Pods-A. Prudnikova (HW24).debug.xcconfig"; sourceTree = "<group>"; };
		783904852958BEEA0054FFA9 /* A. Prudnikova (HW24).app */ = {isa = PBXFileReference; explicitFileType = wrapper.application; includeInIndex = 0; path = "A. Prudnikova (HW24).app"; sourceTree = BUILT_PRODUCTS_DIR; };
		783904882958BEEA0054FFA9 /* AppDelegate.swift */ = {isa = PBXFileReference; lastKnownFileType = sourcecode.swift; path = AppDelegate.swift; sourceTree = "<group>"; };
		7839048A2958BEEA0054FFA9 /* SceneDelegate.swift */ = {isa = PBXFileReference; lastKnownFileType = sourcecode.swift; path = SceneDelegate.swift; sourceTree = "<group>"; };
		7839048F2958BEEA0054FFA9 /* Base */ = {isa = PBXFileReference; lastKnownFileType = file.storyboard; name = Base; path = Base.lproj/Main.storyboard; sourceTree = "<group>"; };
		783904912958BEEE0054FFA9 /* Assets.xcassets */ = {isa = PBXFileReference; lastKnownFileType = folder.assetcatalog; path = Assets.xcassets; sourceTree = "<group>"; };
		783904942958BEEE0054FFA9 /* Base */ = {isa = PBXFileReference; lastKnownFileType = file.storyboard; name = Base; path = Base.lproj/LaunchScreen.storyboard; sourceTree = "<group>"; };
		783904962958BEEE0054FFA9 /* Info.plist */ = {isa = PBXFileReference; lastKnownFileType = text.plist.xml; path = Info.plist; sourceTree = "<group>"; };
		783904A12958C2840054FFA9 /* InformSectionsCell.swift */ = {isa = PBXFileReference; lastKnownFileType = sourcecode.swift; path = InformSectionsCell.swift; sourceTree = "<group>"; };
		783904A82958FFFB0054FFA9 /* ImageVC.swift */ = {isa = PBXFileReference; lastKnownFileType = sourcecode.swift; path = ImageVC.swift; sourceTree = "<group>"; };
		783FF1A229590DDB00B36456 /* InformSectionsCVC.swift */ = {isa = PBXFileReference; lastKnownFileType = sourcecode.swift; path = InformSectionsCVC.swift; sourceTree = "<group>"; };
		783FF1A62959119E00B36456 /* UsersTVC.swift */ = {isa = PBXFileReference; lastKnownFileType = sourcecode.swift; path = UsersTVC.swift; sourceTree = "<group>"; };
		78A9D89D2959ED7200D17E98 /* Model.swift */ = {isa = PBXFileReference; lastKnownFileType = sourcecode.swift; path = Model.swift; sourceTree = "<group>"; };
		78A9D89F2959EDAB00D17E98 /* ApiConstants.swift */ = {isa = PBXFileReference; lastKnownFileType = sourcecode.swift; path = ApiConstants.swift; sourceTree = "<group>"; };
		78A9D8A12959EF6400D17E98 /* DetailUserVC.swift */ = {isa = PBXFileReference; lastKnownFileType = sourcecode.swift; path = DetailUserVC.swift; sourceTree = "<group>"; };
		78A9D8A4295A5C1400D17E98 /* UIButton + Extension .swift */ = {isa = PBXFileReference; lastKnownFileType = sourcecode.swift; path = "UIButton + Extension .swift"; sourceTree = "<group>"; };
		78A9D8A6295A636B00D17E98 /* PostFlow.storyboard */ = {isa = PBXFileReference; lastKnownFileType = file.storyboard; path = PostFlow.storyboard; sourceTree = "<group>"; };
		78A9D8A8295A638C00D17E98 /* AlbumFlow.storyboard */ = {isa = PBXFileReference; lastKnownFileType = file.storyboard; path = AlbumFlow.storyboard; sourceTree = "<group>"; };
		78A9D8AE295A64A600D17E98 /* AlbumsTVC.swift */ = {isa = PBXFileReference; lastKnownFileType = sourcecode.swift; path = AlbumsTVC.swift; sourceTree = "<group>"; };
		78A9D8B0295A69EB00D17E98 /* PostsTVC.swift */ = {isa = PBXFileReference; lastKnownFileType = sourcecode.swift; path = PostsTVC.swift; sourceTree = "<group>"; };
		9052F81C162EA8846DAC7802 /* Pods-A. Prudnikova (HW24).release.xcconfig */ = {isa = PBXFileReference; includeInIndex = 1; lastKnownFileType = text.xcconfig; name = "Pods-A. Prudnikova (HW24).release.xcconfig"; path = "Target Support Files/Pods-A. Prudnikova (HW24)/Pods-A. Prudnikova (HW24).release.xcconfig"; sourceTree = "<group>"; };
		AD1230613009044C39D9C17C /* Pods_A__Prudnikova__HW24_.framework */ = {isa = PBXFileReference; explicitFileType = wrapper.framework; includeInIndex = 0; path = Pods_A__Prudnikova__HW24_.framework; sourceTree = BUILT_PRODUCTS_DIR; };
/* End PBXFileReference section */

/* Begin PBXFrameworksBuildPhase section */
		783904822958BEEA0054FFA9 /* Frameworks */ = {
			isa = PBXFrameworksBuildPhase;
			buildActionMask = 2147483647;
			files = (
				783904AC295902550054FFA9 /* SnapKit in Frameworks */,
				0B5761C977573D8684EEFCD9 /* Pods_A__Prudnikova__HW24_.framework in Frameworks */,
			);
			runOnlyForDeploymentPostprocessing = 0;
		};
/* End PBXFrameworksBuildPhase section */

/* Begin PBXGroup section */
		07DCD284295AFD6E00F42728 /* AdressFlow */ = {
			isa = PBXGroup;
			children = (
				07BD369C295B45F900B1648A /* AdressMapVC.swift */,
			);
			path = AdressFlow;
			sourceTree = "<group>";
		};
		4CE24276CB2C381FD9879D0C /* Frameworks */ = {
			isa = PBXGroup;
			children = (
				AD1230613009044C39D9C17C /* Pods_A__Prudnikova__HW24_.framework */,
			);
			name = Frameworks;
			sourceTree = "<group>";
		};
		7839047C2958BEEA0054FFA9 = {
			isa = PBXGroup;
			children = (
				783904872958BEEA0054FFA9 /* A. Prudnikova (HW24) */,
				783904862958BEEA0054FFA9 /* Products */,
				BB6C3F130DB21922203DE9C1 /* Pods */,
				4CE24276CB2C381FD9879D0C /* Frameworks */,
			);
			sourceTree = "<group>";
		};
		783904862958BEEA0054FFA9 /* Products */ = {
			isa = PBXGroup;
			children = (
				783904852958BEEA0054FFA9 /* A. Prudnikova (HW24).app */,
			);
			name = Products;
			sourceTree = "<group>";
		};
		783904872958BEEA0054FFA9 /* A. Prudnikova (HW24) */ = {
			isa = PBXGroup;
			children = (
				783FF1AA2959236E00B36456 /* Models */,
				7839049E2958C0720054FFA9 /* Controllers */,
				7839049D2958C00D0054FFA9 /* Views */,
				78A9D8A3295A5BC100D17E98 /* Extension */,
				7839049C2958BFE50054FFA9 /* AppDelegates */,
				783904912958BEEE0054FFA9 /* Assets.xcassets */,
				783904962958BEEE0054FFA9 /* Info.plist */,
			);
			path = "A. Prudnikova (HW24)";
			sourceTree = "<group>";
		};
		7839049C2958BFE50054FFA9 /* AppDelegates */ = {
			isa = PBXGroup;
			children = (
				783904882958BEEA0054FFA9 /* AppDelegate.swift */,
				7839048A2958BEEA0054FFA9 /* SceneDelegate.swift */,
			);
			path = AppDelegates;
			sourceTree = "<group>";
		};
		7839049D2958C00D0054FFA9 /* Views */ = {
			isa = PBXGroup;
			children = (
				7839048E2958BEEA0054FFA9 /* Main.storyboard */,
				78A9D8A6295A636B00D17E98 /* PostFlow.storyboard */,
				78A9D8A8295A638C00D17E98 /* AlbumFlow.storyboard */,
				07DCD285295AFDAC00F42728 /* AdressFlow.storyboard */,
				783904932958BEEE0054FFA9 /* LaunchScreen.storyboard */,
			);
			path = Views;
			sourceTree = "<group>";
		};
		7839049E2958C0720054FFA9 /* Controllers */ = {
			isa = PBXGroup;
			children = (
				783904A62958FCD40054FFA9 /* InformFlow */,
				783FF1A52959116F00B36456 /* Users */,
				78A9D8AA295A63E400D17E98 /* PostsFlow */,
				07DCD284295AFD6E00F42728 /* AdressFlow */,
				78A9D8AB295A63F200D17E98 /* AlbumsFlow */,
				783904A82958FFFB0054FFA9 /* ImageVC.swift */,
			);
			path = Controllers;
			sourceTree = "<group>";
		};
		783904A62958FCD40054FFA9 /* InformFlow */ = {
			isa = PBXGroup;
			children = (
				783FF1A229590DDB00B36456 /* InformSectionsCVC.swift */,
				783904A12958C2840054FFA9 /* InformSectionsCell.swift */,
			);
			path = InformFlow;
			sourceTree = "<group>";
		};
		783FF1A52959116F00B36456 /* Users */ = {
			isa = PBXGroup;
			children = (
				783FF1A62959119E00B36456 /* UsersTVC.swift */,
				78A9D8A12959EF6400D17E98 /* DetailUserVC.swift */,
			);
			path = Users;
			sourceTree = "<group>";
		};
		783FF1AA2959236E00B36456 /* Models */ = {
			isa = PBXGroup;
			children = (
				78A9D89D2959ED7200D17E98 /* Model.swift */,
				78A9D89F2959EDAB00D17E98 /* ApiConstants.swift */,
			);
			path = Models;
			sourceTree = "<group>";
		};
		78A9D8A3295A5BC100D17E98 /* Extension */ = {
			isa = PBXGroup;
			children = (
				78A9D8A4295A5C1400D17E98 /* UIButton + Extension .swift */,
			);
			path = Extension;
			sourceTree = "<group>";
		};
		78A9D8AA295A63E400D17E98 /* PostsFlow */ = {
			isa = PBXGroup;
			children = (
				78A9D8B0295A69EB00D17E98 /* PostsTVC.swift */,
				07DCD282295AF23200F42728 /* CommentsTVC.swift */,
			);
			path = PostsFlow;
			sourceTree = "<group>";
		};
		78A9D8AB295A63F200D17E98 /* AlbumsFlow */ = {
			isa = PBXGroup;
			children = (
				78A9D8AE295A64A600D17E98 /* AlbumsTVC.swift */,
			);
			path = AlbumsFlow;
			sourceTree = "<group>";
		};
		BB6C3F130DB21922203DE9C1 /* Pods */ = {
			isa = PBXGroup;
			children = (
				4E020F1076BF7E5664B9A478 /* Pods-A. Prudnikova (HW24).debug.xcconfig */,
				9052F81C162EA8846DAC7802 /* Pods-A. Prudnikova (HW24).release.xcconfig */,
			);
			path = Pods;
			sourceTree = "<group>";
		};
/* End PBXGroup section */

/* Begin PBXNativeTarget section */
		783904842958BEEA0054FFA9 /* A. Prudnikova (HW24) */ = {
			isa = PBXNativeTarget;
			buildConfigurationList = 783904992958BEEE0054FFA9 /* Build configuration list for PBXNativeTarget "A. Prudnikova (HW24)" */;
			buildPhases = (
				900BBAB1BA237BB5EE6805C4 /* [CP] Check Pods Manifest.lock */,
				783904812958BEEA0054FFA9 /* Sources */,
				783904822958BEEA0054FFA9 /* Frameworks */,
				783904832958BEEA0054FFA9 /* Resources */,
				A63367B79957E17533BA8033 /* [CP] Copy Pods Resources */,
			);
			buildRules = (
			);
			dependencies = (
			);
			name = "A. Prudnikova (HW24)";
			packageProductDependencies = (
				783904AB295902550054FFA9 /* SnapKit */,
			);
			productName = "A. Prudnikova (HW24)";
			productReference = 783904852958BEEA0054FFA9 /* A. Prudnikova (HW24).app */;
			productType = "com.apple.product-type.application";
		};
/* End PBXNativeTarget section */

/* Begin PBXProject section */
		7839047D2958BEEA0054FFA9 /* Project object */ = {
			isa = PBXProject;
			attributes = {
				BuildIndependentTargetsInParallel = 1;
				LastSwiftUpdateCheck = 1400;
				LastUpgradeCheck = 1400;
				TargetAttributes = {
					783904842958BEEA0054FFA9 = {
						CreatedOnToolsVersion = 14.0.1;
					};
				};
			};
			buildConfigurationList = 783904802958BEEA0054FFA9 /* Build configuration list for PBXProject "A. Prudnikova (HW24)" */;
			compatibilityVersion = "Xcode 14.0";
			developmentRegion = en;
			hasScannedForEncodings = 0;
			knownRegions = (
				en,
				Base,
			);
			mainGroup = 7839047C2958BEEA0054FFA9;
			packageReferences = (
				783904AA295902550054FFA9 /* XCRemoteSwiftPackageReference "SnapKit.git" */,
			);
			productRefGroup = 783904862958BEEA0054FFA9 /* Products */;
			projectDirPath = "";
			projectRoot = "";
			targets = (
				783904842958BEEA0054FFA9 /* A. Prudnikova (HW24) */,
			);
		};
/* End PBXProject section */

/* Begin PBXResourcesBuildPhase section */
		783904832958BEEA0054FFA9 /* Resources */ = {
			isa = PBXResourcesBuildPhase;
			buildActionMask = 2147483647;
			files = (
				07DCD286295AFDAC00F42728 /* AdressFlow.storyboard in Resources */,
				78A9D8A7295A636B00D17E98 /* PostFlow.storyboard in Resources */,
				783904952958BEEE0054FFA9 /* LaunchScreen.storyboard in Resources */,
				783904922958BEEE0054FFA9 /* Assets.xcassets in Resources */,
				783904902958BEEA0054FFA9 /* Main.storyboard in Resources */,
				78A9D8A9295A638C00D17E98 /* AlbumFlow.storyboard in Resources */,
			);
			runOnlyForDeploymentPostprocessing = 0;
		};
/* End PBXResourcesBuildPhase section */

/* Begin PBXShellScriptBuildPhase section */
		900BBAB1BA237BB5EE6805C4 /* [CP] Check Pods Manifest.lock */ = {
			isa = PBXShellScriptBuildPhase;
			buildActionMask = 2147483647;
			files = (
			);
			inputFileListPaths = (
			);
			inputPaths = (
				"${PODS_PODFILE_DIR_PATH}/Podfile.lock",
				"${PODS_ROOT}/Manifest.lock",
			);
			name = "[CP] Check Pods Manifest.lock";
			outputFileListPaths = (
			);
			outputPaths = (
				"$(DERIVED_FILE_DIR)/Pods-A. Prudnikova (HW24)-checkManifestLockResult.txt",
			);
			runOnlyForDeploymentPostprocessing = 0;
			shellPath = /bin/sh;
			shellScript = "diff \"${PODS_PODFILE_DIR_PATH}/Podfile.lock\" \"${PODS_ROOT}/Manifest.lock\" > /dev/null\nif [ $? != 0 ] ; then\n    # print error to STDERR\n    echo \"error: The sandbox is not in sync with the Podfile.lock. Run 'pod install' or update your CocoaPods installation.\" >&2\n    exit 1\nfi\n# This output is used by Xcode 'outputs' to avoid re-running this script phase.\necho \"SUCCESS\" > \"${SCRIPT_OUTPUT_FILE_0}\"\n";
			showEnvVarsInLog = 0;
		};
		A63367B79957E17533BA8033 /* [CP] Copy Pods Resources */ = {
			isa = PBXShellScriptBuildPhase;
			buildActionMask = 2147483647;
			files = (
			);
			inputFileListPaths = (
				"${PODS_ROOT}/Target Support Files/Pods-A. Prudnikova (HW24)/Pods-A. Prudnikova (HW24)-resources-${CONFIGURATION}-input-files.xcfilelist",
			);
			name = "[CP] Copy Pods Resources";
			outputFileListPaths = (
				"${PODS_ROOT}/Target Support Files/Pods-A. Prudnikova (HW24)/Pods-A. Prudnikova (HW24)-resources-${CONFIGURATION}-output-files.xcfilelist",
			);
			runOnlyForDeploymentPostprocessing = 0;
			shellPath = /bin/sh;
			shellScript = "\"${PODS_ROOT}/Target Support Files/Pods-A. Prudnikova (HW24)/Pods-A. Prudnikova (HW24)-resources.sh\"\n";
			showEnvVarsInLog = 0;
		};
/* End PBXShellScriptBuildPhase section */

/* Begin PBXSourcesBuildPhase section */
		783904812958BEEA0054FFA9 /* Sources */ = {
			isa = PBXSourcesBuildPhase;
			buildActionMask = 2147483647;
			files = (
				783FF1A329590DDB00B36456 /* InformSectionsCVC.swift in Sources */,
				07BD369D295B45F900B1648A /* AdressMapVC.swift in Sources */,
				07DCD283295AF23300F42728 /* CommentsTVC.swift in Sources */,
				783904892958BEEA0054FFA9 /* AppDelegate.swift in Sources */,
				783FF1A72959119E00B36456 /* UsersTVC.swift in Sources */,
				78A9D8B1295A69EB00D17E98 /* PostsTVC.swift in Sources */,
				783904A92958FFFB0054FFA9 /* ImageVC.swift in Sources */,
				783904A22958C2840054FFA9 /* InformSectionsCell.swift in Sources */,
				78A9D8A02959EDAB00D17E98 /* ApiConstants.swift in Sources */,
				78A9D8AF295A64A600D17E98 /* AlbumsTVC.swift in Sources */,
				78A9D8A22959EF6400D17E98 /* DetailUserVC.swift in Sources */,
				7839048B2958BEEA0054FFA9 /* SceneDelegate.swift in Sources */,
				78A9D8A5295A5C1400D17E98 /* UIButton + Extension .swift in Sources */,
				78A9D89E2959ED7200D17E98 /* Model.swift in Sources */,
			);
			runOnlyForDeploymentPostprocessing = 0;
		};
/* End PBXSourcesBuildPhase section */

/* Begin PBXVariantGroup section */
		7839048E2958BEEA0054FFA9 /* Main.storyboard */ = {
			isa = PBXVariantGroup;
			children = (
				7839048F2958BEEA0054FFA9 /* Base */,
			);
			name = Main.storyboard;
			sourceTree = "<group>";
		};
		783904932958BEEE0054FFA9 /* LaunchScreen.storyboard */ = {
			isa = PBXVariantGroup;
			children = (
				783904942958BEEE0054FFA9 /* Base */,
			);
			name = LaunchScreen.storyboard;
			sourceTree = "<group>";
		};
/* End PBXVariantGroup section */

/* Begin XCBuildConfiguration section */
		783904972958BEEE0054FFA9 /* Debug */ = {
			isa = XCBuildConfiguration;
			buildSettings = {
				ALWAYS_SEARCH_USER_PATHS = NO;
				CLANG_ANALYZER_NONNULL = YES;
				CLANG_ANALYZER_NUMBER_OBJECT_CONVERSION = YES_AGGRESSIVE;
				CLANG_CXX_LANGUAGE_STANDARD = "gnu++20";
				CLANG_ENABLE_MODULES = YES;
				CLANG_ENABLE_OBJC_ARC = YES;
				CLANG_ENABLE_OBJC_WEAK = YES;
				CLANG_WARN_BLOCK_CAPTURE_AUTORELEASING = YES;
				CLANG_WARN_BOOL_CONVERSION = YES;
				CLANG_WARN_COMMA = YES;
				CLANG_WARN_CONSTANT_CONVERSION = YES;
				CLANG_WARN_DEPRECATED_OBJC_IMPLEMENTATIONS = YES;
				CLANG_WARN_DIRECT_OBJC_ISA_USAGE = YES_ERROR;
				CLANG_WARN_DOCUMENTATION_COMMENTS = YES;
				CLANG_WARN_EMPTY_BODY = YES;
				CLANG_WARN_ENUM_CONVERSION = YES;
				CLANG_WARN_INFINITE_RECURSION = YES;
				CLANG_WARN_INT_CONVERSION = YES;
				CLANG_WARN_NON_LITERAL_NULL_CONVERSION = YES;
				CLANG_WARN_OBJC_IMPLICIT_RETAIN_SELF = YES;
				CLANG_WARN_OBJC_LITERAL_CONVERSION = YES;
				CLANG_WARN_OBJC_ROOT_CLASS = YES_ERROR;
				CLANG_WARN_QUOTED_INCLUDE_IN_FRAMEWORK_HEADER = YES;
				CLANG_WARN_RANGE_LOOP_ANALYSIS = YES;
				CLANG_WARN_STRICT_PROTOTYPES = YES;
				CLANG_WARN_SUSPICIOUS_MOVE = YES;
				CLANG_WARN_UNGUARDED_AVAILABILITY = YES_AGGRESSIVE;
				CLANG_WARN_UNREACHABLE_CODE = YES;
				CLANG_WARN__DUPLICATE_METHOD_MATCH = YES;
				COPY_PHASE_STRIP = NO;
				DEBUG_INFORMATION_FORMAT = dwarf;
				ENABLE_STRICT_OBJC_MSGSEND = YES;
				ENABLE_TESTABILITY = YES;
				GCC_C_LANGUAGE_STANDARD = gnu11;
				GCC_DYNAMIC_NO_PIC = NO;
				GCC_NO_COMMON_BLOCKS = YES;
				GCC_OPTIMIZATION_LEVEL = 0;
				GCC_PREPROCESSOR_DEFINITIONS = (
					"DEBUG=1",
					"$(inherited)",
				);
				GCC_WARN_64_TO_32_BIT_CONVERSION = YES;
				GCC_WARN_ABOUT_RETURN_TYPE = YES_ERROR;
				GCC_WARN_UNDECLARED_SELECTOR = YES;
				GCC_WARN_UNINITIALIZED_AUTOS = YES_AGGRESSIVE;
				GCC_WARN_UNUSED_FUNCTION = YES;
				GCC_WARN_UNUSED_VARIABLE = YES;
				IPHONEOS_DEPLOYMENT_TARGET = 16.0;
				MTL_ENABLE_DEBUG_INFO = INCLUDE_SOURCE;
				MTL_FAST_MATH = YES;
				ONLY_ACTIVE_ARCH = YES;
				SDKROOT = iphoneos;
				SWIFT_ACTIVE_COMPILATION_CONDITIONS = DEBUG;
				SWIFT_OPTIMIZATION_LEVEL = "-Onone";
			};
			name = Debug;
		};
		783904982958BEEE0054FFA9 /* Release */ = {
			isa = XCBuildConfiguration;
			buildSettings = {
				ALWAYS_SEARCH_USER_PATHS = NO;
				CLANG_ANALYZER_NONNULL = YES;
				CLANG_ANALYZER_NUMBER_OBJECT_CONVERSION = YES_AGGRESSIVE;
				CLANG_CXX_LANGUAGE_STANDARD = "gnu++20";
				CLANG_ENABLE_MODULES = YES;
				CLANG_ENABLE_OBJC_ARC = YES;
				CLANG_ENABLE_OBJC_WEAK = YES;
				CLANG_WARN_BLOCK_CAPTURE_AUTORELEASING = YES;
				CLANG_WARN_BOOL_CONVERSION = YES;
				CLANG_WARN_COMMA = YES;
				CLANG_WARN_CONSTANT_CONVERSION = YES;
				CLANG_WARN_DEPRECATED_OBJC_IMPLEMENTATIONS = YES;
				CLANG_WARN_DIRECT_OBJC_ISA_USAGE = YES_ERROR;
				CLANG_WARN_DOCUMENTATION_COMMENTS = YES;
				CLANG_WARN_EMPTY_BODY = YES;
				CLANG_WARN_ENUM_CONVERSION = YES;
				CLANG_WARN_INFINITE_RECURSION = YES;
				CLANG_WARN_INT_CONVERSION = YES;
				CLANG_WARN_NON_LITERAL_NULL_CONVERSION = YES;
				CLANG_WARN_OBJC_IMPLICIT_RETAIN_SELF = YES;
				CLANG_WARN_OBJC_LITERAL_CONVERSION = YES;
				CLANG_WARN_OBJC_ROOT_CLASS = YES_ERROR;
				CLANG_WARN_QUOTED_INCLUDE_IN_FRAMEWORK_HEADER = YES;
				CLANG_WARN_RANGE_LOOP_ANALYSIS = YES;
				CLANG_WARN_STRICT_PROTOTYPES = YES;
				CLANG_WARN_SUSPICIOUS_MOVE = YES;
				CLANG_WARN_UNGUARDED_AVAILABILITY = YES_AGGRESSIVE;
				CLANG_WARN_UNREACHABLE_CODE = YES;
				CLANG_WARN__DUPLICATE_METHOD_MATCH = YES;
				COPY_PHASE_STRIP = NO;
				DEBUG_INFORMATION_FORMAT = "dwarf-with-dsym";
				ENABLE_NS_ASSERTIONS = NO;
				ENABLE_STRICT_OBJC_MSGSEND = YES;
				GCC_C_LANGUAGE_STANDARD = gnu11;
				GCC_NO_COMMON_BLOCKS = YES;
				GCC_WARN_64_TO_32_BIT_CONVERSION = YES;
				GCC_WARN_ABOUT_RETURN_TYPE = YES_ERROR;
				GCC_WARN_UNDECLARED_SELECTOR = YES;
				GCC_WARN_UNINITIALIZED_AUTOS = YES_AGGRESSIVE;
				GCC_WARN_UNUSED_FUNCTION = YES;
				GCC_WARN_UNUSED_VARIABLE = YES;
				IPHONEOS_DEPLOYMENT_TARGET = 16.0;
				MTL_ENABLE_DEBUG_INFO = NO;
				MTL_FAST_MATH = YES;
				SDKROOT = iphoneos;
				SWIFT_COMPILATION_MODE = wholemodule;
				SWIFT_OPTIMIZATION_LEVEL = "-O";
				VALIDATE_PRODUCT = YES;
			};
			name = Release;
		};
		7839049A2958BEEE0054FFA9 /* Debug */ = {
			isa = XCBuildConfiguration;
			baseConfigurationReference = 4E020F1076BF7E5664B9A478 /* Pods-A. Prudnikova (HW24).debug.xcconfig */;
			buildSettings = {
				ASSETCATALOG_COMPILER_APPICON_NAME = AppIcon;
				ASSETCATALOG_COMPILER_GLOBAL_ACCENT_COLOR_NAME = AccentColor;
				CODE_SIGN_STYLE = Automatic;
				CURRENT_PROJECT_VERSION = 1;
				DEVELOPMENT_TEAM = 87S7UCFSSU;
				GENERATE_INFOPLIST_FILE = YES;
				INFOPLIST_FILE = "A. Prudnikova (HW24)/Info.plist";
				INFOPLIST_KEY_UIApplicationSupportsIndirectInputEvents = YES;
				INFOPLIST_KEY_UILaunchStoryboardName = LaunchScreen;
				INFOPLIST_KEY_UIMainStoryboardFile = Main;
				INFOPLIST_KEY_UISupportedInterfaceOrientations_iPad = "UIInterfaceOrientationPortrait UIInterfaceOrientationPortraitUpsideDown UIInterfaceOrientationLandscapeLeft UIInterfaceOrientationLandscapeRight";
				INFOPLIST_KEY_UISupportedInterfaceOrientations_iPhone = "UIInterfaceOrientationPortrait UIInterfaceOrientationLandscapeLeft UIInterfaceOrientationLandscapeRight";
				LD_RUNPATH_SEARCH_PATHS = (
					"$(inherited)",
					"@executable_path/Frameworks",
				);
				MARKETING_VERSION = 1.0;
				PRODUCT_BUNDLE_IDENTIFIER = "i39.A--Prudnikova--HW24-";
				PRODUCT_NAME = "$(TARGET_NAME)";
				SWIFT_EMIT_LOC_STRINGS = YES;
				SWIFT_VERSION = 5.0;
				TARGETED_DEVICE_FAMILY = "1,2";
			};
			name = Debug;
		};
		7839049B2958BEEE0054FFA9 /* Release */ = {
			isa = XCBuildConfiguration;
			baseConfigurationReference = 9052F81C162EA8846DAC7802 /* Pods-A. Prudnikova (HW24).release.xcconfig */;
			buildSettings = {
				ASSETCATALOG_COMPILER_APPICON_NAME = AppIcon;
				ASSETCATALOG_COMPILER_GLOBAL_ACCENT_COLOR_NAME = AccentColor;
				CODE_SIGN_STYLE = Automatic;
				CURRENT_PROJECT_VERSION = 1;
				DEVELOPMENT_TEAM = 87S7UCFSSU;
				GENERATE_INFOPLIST_FILE = YES;
				INFOPLIST_FILE = "A. Prudnikova (HW24)/Info.plist";
				INFOPLIST_KEY_UIApplicationSupportsIndirectInputEvents = YES;
				INFOPLIST_KEY_UILaunchStoryboardName = LaunchScreen;
				INFOPLIST_KEY_UIMainStoryboardFile = Main;
				INFOPLIST_KEY_UISupportedInterfaceOrientations_iPad = "UIInterfaceOrientationPortrait UIInterfaceOrientationPortraitUpsideDown UIInterfaceOrientationLandscapeLeft UIInterfaceOrientationLandscapeRight";
				INFOPLIST_KEY_UISupportedInterfaceOrientations_iPhone = "UIInterfaceOrientationPortrait UIInterfaceOrientationLandscapeLeft UIInterfaceOrientationLandscapeRight";
				LD_RUNPATH_SEARCH_PATHS = (
					"$(inherited)",
					"@executable_path/Frameworks",
				);
				MARKETING_VERSION = 1.0;
				PRODUCT_BUNDLE_IDENTIFIER = "i39.A--Prudnikova--HW24-";
				PRODUCT_NAME = "$(TARGET_NAME)";
				SWIFT_EMIT_LOC_STRINGS = YES;
				SWIFT_VERSION = 5.0;
				TARGETED_DEVICE_FAMILY = "1,2";
			};
			name = Release;
		};
/* End XCBuildConfiguration section */

/* Begin XCConfigurationList section */
		783904802958BEEA0054FFA9 /* Build configuration list for PBXProject "A. Prudnikova (HW24)" */ = {
			isa = XCConfigurationList;
			buildConfigurations = (
				783904972958BEEE0054FFA9 /* Debug */,
				783904982958BEEE0054FFA9 /* Release */,
			);
			defaultConfigurationIsVisible = 0;
			defaultConfigurationName = Release;
		};
		783904992958BEEE0054FFA9 /* Build configuration list for PBXNativeTarget "A. Prudnikova (HW24)" */ = {
			isa = XCConfigurationList;
			buildConfigurations = (
				7839049A2958BEEE0054FFA9 /* Debug */,
				7839049B2958BEEE0054FFA9 /* Release */,
			);
			defaultConfigurationIsVisible = 0;
			defaultConfigurationName = Release;
		};
/* End XCConfigurationList section */

/* Begin XCRemoteSwiftPackageReference section */
		783904AA295902550054FFA9 /* XCRemoteSwiftPackageReference "SnapKit.git" */ = {
			isa = XCRemoteSwiftPackageReference;
			repositoryURL = "https://github.com/SnapKit/SnapKit.git";
			requirement = {
				kind = exactVersion;
				version = 5.6.0;
			};
		};
/* End XCRemoteSwiftPackageReference section */

/* Begin XCSwiftPackageProductDependency section */
		783904AB295902550054FFA9 /* SnapKit */ = {
			isa = XCSwiftPackageProductDependency;
			package = 783904AA295902550054FFA9 /* XCRemoteSwiftPackageReference "SnapKit.git" */;
			productName = SnapKit;
		};
/* End XCSwiftPackageProductDependency section */
	};
	rootObject = 7839047D2958BEEA0054FFA9 /* Project object */;
}
